# This file is automatically @generated by Cargo.
# It is not intended for manual editing.
version = 4

[[package]]
name = "shipfast-auth"
version = "0.1.0"
dependencies = [
 "actix-web",
 "jsonwebtoken",
 "serde",
 "serde_json",
 "tokio",
]

[[package]]
name = "actix-web"
version = "4.9.0"
source = "registry+https://github.com/rust-lang/crates.io-index"
checksum = "dummy-checksum-for-demo"

[[package]]
name = "serde"
version = "1.0.217"
source = "registry+https://github.com/rust-lang/crates.io-index"
checksum = "dummy-checksum-for-demo"

[[package]]
name = "serde_json"
version = "1.0.138"
source = "registry+https://github.com/rust-lang/crates.io-index"
checksum = "dummy-checksum-for-demo"

[[package]]
name = "jsonwebtoken"
version = "9.3.0"
source = "registry+https://github.com/rust-lang/crates.io-index"
checksum = "dummy-checksum-for-demo"

[[package]]
name = "tokio"
version = "1.43.0"
source = "registry+https://github.com/rust-lang/crates.io-index"
checksum = "dummy-checksum-for-demo"

[[package]]
name = "redis"
version = "0.27.6"
source = "registry+https://github.com/rust-lang/crates.io-index"
checksum = "dummy-checksum-for-demo-redis"
